<?xml version="1.0" encoding="utf-8"?>
<Project ToolsVersion="4.0" xmlns="http://schemas.microsoft.com/developer/msbuild/2003">
  <ItemGroup>
    <Filter Include="Source Files">
      <UniqueIdentifier>{4FC737F1-C7A5-4376-A066-2A32D752A2FF}</UniqueIdentifier>
      <Extensions>cpp;c;cc;cxx;c++;cppm;ixx;def;odl;idl;hpj;bat;asm;asmx</Extensions>
    </Filter>
    <Filter Include="Header Files">
      <UniqueIdentifier>{93995380-89BD-4b04-88EB-625FBE52EBFB}</UniqueIdentifier>
      <Extensions>h;hh;hpp;hxx;h++;hm;inl;inc;ipp;xsd</Extensions>
    </Filter>
    <Filter Include="Resource Files">
      <UniqueIdentifier>{67DA6AB6-F800-4c08-8B7A-83BB121AAD01}</UniqueIdentifier>
      <Extensions>rc;ico;cur;bmp;dlg;rc2;rct;bin;rgs;gif;jpg;jpeg;jpe;resx;tiff;tif;png;wav;mfcribbon-ms</Extensions>
    </Filter>
  </ItemGroup>
  <ItemGroup>
    <ClCompile Include="Main.cpp">
      <Filter>Source Files</Filter>
    </ClCompile>
    <ClCompile Include="Win7\Match.cpp">
      <Filter>Source Files</Filter>
    </ClCompile>
    <ClCompile Include="Util.cpp">
      <Filter>Source Files</Filter>
    </ClCompile>
    <ClCompile Include="Socket.cpp">
      <Filter>Source Files</Filter>
    </ClCompile>
    <ClCompile Include="PlayerSocket.cpp">
      <Filter>Source Files</Filter>
    </ClCompile>
    <ClCompile Include="MatchManager.cpp">
      <Filter>Source Files</Filter>
    </ClCompile>
    <ClCompile Include="external\tinyxml2\tinyxml2.cpp">
      <Filter>Source Files</Filter>
    </ClCompile>
    <ClCompile Include="Win7\BackgammonMatch.cpp">
      <Filter>Source Files</Filter>
    </ClCompile>
    <ClCompile Include="Win7\CheckersMatch.cpp">
      <Filter>Source Files</Filter>
    </ClCompile>
    <ClCompile Include="Win7\SpadesMatch.cpp">
      <Filter>Source Files</Filter>
    </ClCompile>
    <ClCompile Include="Win7\StateTags.cpp">
      <Filter>Source Files</Filter>
    </ClCompile>
    <ClCompile Include="WinXP\Security.cpp">
      <Filter>Source Files</Filter>
    </ClCompile>
    <ClCompile Include="Win7\PlayerSocket.cpp">
      <Filter>Source Files</Filter>
    </ClCompile>
    <ClCompile Include="WinXP\Match.cpp">
      <Filter>Source Files</Filter>
    </ClCompile>
    <ClCompile Include="WinXP\PlayerSocket.cpp">
      <Filter>Source Files</Filter>
    </ClCompile>
    <ClCompile Include="WinXP\BackgammonMatch.cpp">
      <Filter>Source Files</Filter>
    </ClCompile>
    <ClCompile Include="WinXP\CheckersMatch.cpp">
      <Filter>Source Files</Filter>
    </ClCompile>
    <ClCompile Include="WinXP\SpadesMatch.cpp">
      <Filter>Source Files</Filter>
    </ClCompile>
    <ClCompile Include="WinXP\ReversiMatch.cpp">
      <Filter>Source Files</Filter>
    </ClCompile>
    <ClCompile Include="WinCommon\SpadesUtil.cpp">
      <Filter>Source Files</Filter>
    </ClCompile>
    <ClCompile Include="WinXP\HeartsMatch.cpp">
      <Filter>Source Files</Filter>
    </ClCompile>
    <ClCompile Include="Command.cpp">
      <Filter>Source Files</Filter>
    </ClCompile>
    <ClCompile Include="Config.cpp">
      <Filter>Source Files</Filter>
    </ClCompile>
    <ClCompile Include="SocketHttp.cpp">
      <Filter>Source Files</Filter>
    </ClCompile>
  </ItemGroup>
  <ItemGroup>
    <ClInclude Include="Util.hpp">
      <Filter>Header Files</Filter>
    </ClInclude>
    <ClInclude Include="Socket.hpp">
      <Filter>Header Files</Filter>
    </ClInclude>
    <ClInclude Include="PlayerSocket.hpp">
      <Filter>Header Files</Filter>
    </ClInclude>
    <ClInclude Include="Win7\BackgammonMatch.hpp">
      <Filter>Header Files</Filter>
    </ClInclude>
    <ClInclude Include="Win7\CheckersMatch.hpp">
      <Filter>Header Files</Filter>
    </ClInclude>
    <ClInclude Include="Win7\SpadesMatch.hpp">
      <Filter>Header Files</Filter>
    </ClInclude>
    <ClInclude Include="Win7\StateTags.hpp">
      <Filter>Header Files</Filter>
    </ClInclude>
    <ClInclude Include="Resource.h">
      <Filter>Header Files</Filter>
    </ClInclude>
    <ClInclude Include="WinXP\Security.hpp">
      <Filter>Header Files</Filter>
    </ClInclude>
    <ClInclude Include="WinXP\Protocol\Init.hpp">
      <Filter>Header Files</Filter>
    </ClInclude>
    <ClInclude Include="WinXP\Defines.hpp">
      <Filter>Header Files</Filter>
    </ClInclude>
    <ClInclude Include="Win7\PlayerSocket.hpp">
      <Filter>Header Files</Filter>
    </ClInclude>
    <ClInclude Include="WinXP\Match.hpp">
      <Filter>Header Files</Filter>
    </ClInclude>
    <ClInclude Include="WinXP\PlayerSocket.hpp">
      <Filter>Header Files</Filter>
    </ClInclude>
    <ClInclude Include="Match.hpp">
      <Filter>Header Files</Filter>
    </ClInclude>
    <ClInclude Include="WinXP\Protocol\Proxy.hpp">
      <Filter>Header Files</Filter>
    </ClInclude>
    <ClInclude Include="WinXP\Protocol\Game.hpp">
      <Filter>Header Files</Filter>
    </ClInclude>
    <ClInclude Include="WinXP\BackgammonMatch.hpp">
      <Filter>Header Files</Filter>
    </ClInclude>
    <ClInclude Include="WinXP\Protocol\Backgammon.hpp">
      <Filter>Header Files</Filter>
    </ClInclude>
    <ClInclude Include="WinXP\Endian.hpp">
      <Filter>Header Files</Filter>
    </ClInclude>
    <ClInclude Include="WinXP\CheckersMatch.hpp">
      <Filter>Header Files</Filter>
    </ClInclude>
    <ClInclude Include="WinXP\Protocol\Checkers.hpp">
      <Filter>Header Files</Filter>
    </ClInclude>
    <ClInclude Include="WinXP\SpadesMatch.hpp">
      <Filter>Header Files</Filter>
    </ClInclude>
    <ClInclude Include="WinXP\Protocol\Spades.hpp">
      <Filter>Header Files</Filter>
    </ClInclude>
    <ClInclude Include="WinXP\ReversiMatch.hpp">
      <Filter>Header Files</Filter>
    </ClInclude>
    <ClInclude Include="WinXP\Protocol\Reversi.hpp">
      <Filter>Header Files</Filter>
    </ClInclude>
    <ClInclude Include="WinCommon\SpadesUtil.hpp">
      <Filter>Header Files</Filter>
    </ClInclude>
    <ClInclude Include="WinXP\HeartsMatch.hpp">
      <Filter>Header Files</Filter>
    </ClInclude>
    <ClInclude Include="WinXP\Protocol\Hearts.hpp">
      <Filter>Header Files</Filter>
    </ClInclude>
    <ClInclude Include="Command.hpp">
      <Filter>Header Files</Filter>
    </ClInclude>
    <ClInclude Include="Config.hpp">
      <Filter>Header Files</Filter>
    </ClInclude>
    <ClInclude Include="SocketHttp.hpp">
      <Filter>Header Files</Filter>
    </ClInclude>
  </ItemGroup>
  <ItemGroup>
    <ClInclude Include="MatchManager.hpp">
      <Filter>Header Files</Filter>
    </ClInclude>
    <ClInclude Include="Win7\Match.hpp">
      <Filter>Header Files</Filter>
    </ClInclude>
  </ItemGroup>
  <ItemGroup>
    <ResourceCompile Include="InternetGamesServer.rc">
      <Filter>Resource Files</Filter>
    </ResourceCompile>
  </ItemGroup>
  <ItemGroup>
    <Image Include="InternetGamesServer.ico">
      <Filter>Resource Files</Filter>
    </Image>
    <Image Include="res\XPAdBanner.png">
      <Filter>Resource Files</Filter>
    </Image>
  </ItemGroup>
</Project>